
Microsoft Visual Studio Solution File, Format Version 12.00
# Visual Studio Version 16
VisualStudioVersion = 16.0.28803.352
MinimumVisualStudioVersion = 10.0.40219.1
Project("{9A19103F-16F7-4668-BE54-9A1E7A4F7556}") = "XRElements", "XR Elements\XRElements.csproj", "{E630B035-CD1B-468F-B692-043A3BCF3A5C}"
EndProject
Project("{FAE04EC0-301F-11D3-BF4B-00C04F79EFBC}") = "Test1", "Test1\Test1.csproj", "{EE5C4DCD-F19F-40ED-8376-F084C0F21BA9}"
EndProject
Global
	GlobalSection(SolutionConfigurationPlatforms) = preSolution
		Debug|Any CPU = Debug|Any CPU
		Release|Any CPU = Release|Any CPU
	EndGlobalSection
	GlobalSection(ProjectConfigurationPlatforms) = postSolution
		{E630B035-CD1B-468F-B692-043A3BCF3A5C}.Debug|Any CPU.ActiveCfg = Debug|Any CPU
		{E630B035-CD1B-468F-B692-043A3BCF3A5C}.Debug|Any CPU.Build.0 = Debug|Any CPU
		{E630B035-CD1B-468F-B692-043A3BCF3A5C}.Release|Any CPU.ActiveCfg = Release|Any CPU
		{E630B035-CD1B-468F-B692-043A3BCF3A5C}.Release|Any CPU.Build.0 = Release|Any CPU
		{EE5C4DCD-F19F-40ED-8376-F084C0F21BA9}.Debug|Any CPU.ActiveCfg = Debug|Any CPU
		{EE5C4DCD-F19F-40ED-8376-F084C0F21BA9}.Debug|Any CPU.Build.0 = Debug|Any CPU
		{EE5C4DCD-F19F-40ED-8376-F084C0F21BA9}.Release|Any CPU.ActiveCfg = Release|Any CPU
		{EE5C4DCD-F19F-40ED-8376-F084C0F21BA9}.Release|Any CPU.Build.0 = Release|Any CPU
	EndGlobalSection
	GlobalSection(SolutionProperties) = preSolution
		HideSolutionNode = FALSE
	EndGlobalSection
	GlobalSection(ExtensibilityGlobals) = postSolution
		SolutionGuid = {66598210-1BC9-4E6B-8956-1BD1E90F988C}
	EndGlobalSection
EndGlobal
